// !$*UTF8*$!
{
	archiveVersion = 1;
	classes = {
	};
	objectVersion = 51;
	objects = {

/* Begin PBXBuildFile section */
		A1627F79255E233900E76BEC /* AppDelegate.swift in Sources */ = {isa = PBXBuildFile; fileRef = A1627F78255E233900E76BEC /* AppDelegate.swift */; };
		A1627F7B255E233900E76BEC /* SceneDelegate.swift in Sources */ = {isa = PBXBuildFile; fileRef = A1627F7A255E233900E76BEC /* SceneDelegate.swift */; };
		A1627F7D255E233900E76BEC /* ContentView.swift in Sources */ = {isa = PBXBuildFile; fileRef = A1627F7C255E233900E76BEC /* ContentView.swift */; };
		A1627F7F255E233900E76BEC /* Assets.xcassets in Resources */ = {isa = PBXBuildFile; fileRef = A1627F7E255E233900E76BEC /* Assets.xcassets */; };
		A1627F82255E233900E76BEC /* Preview Assets.xcassets in Resources */ = {isa = PBXBuildFile; fileRef = A1627F81255E233900E76BEC /* Preview Assets.xcassets */; };
		A1627F85255E233900E76BEC /* LaunchScreen.storyboard in Resources */ = {isa = PBXBuildFile; fileRef = A1627F83255E233900E76BEC /* LaunchScreen.storyboard */; };
		A1627F9D255E26F100E76BEC /* .swiftlint.yml in Resources */ = {isa = PBXBuildFile; fileRef = A1627F9C255E26F100E76BEC /* .swiftlint.yml */; };
		F5C3160272B8742371B510C5 /* Pods_Nonton.framework in Frameworks */ = {isa = PBXBuildFile; fileRef = 4583DBE98013D5533C4C4C74 /* Pods_Nonton.framework */; };
/* End PBXBuildFile section */

/* Begin PBXFileReference section */
		3FF48C363AC3CD886484573E /* Pods-Nonton.debug.xcconfig */ = {isa = PBXFileReference; includeInIndex = 1; lastKnownFileType = text.xcconfig; name = "Pods-Nonton.debug.xcconfig"; path = "Target Support Files/Pods-Nonton/Pods-Nonton.debug.xcconfig"; sourceTree = "<group>"; };
		4583DBE98013D5533C4C4C74 /* Pods_Nonton.framework */ = {isa = PBXFileReference; explicitFileType = wrapper.framework; includeInIndex = 0; path = Pods_Nonton.framework; sourceTree = BUILT_PRODUCTS_DIR; };
		A1627F75255E233900E76BEC /* Nonton.app */ = {isa = PBXFileReference; explicitFileType = wrapper.application; includeInIndex = 0; path = Nonton.app; sourceTree = BUILT_PRODUCTS_DIR; };
		A1627F78255E233900E76BEC /* AppDelegate.swift */ = {isa = PBXFileReference; lastKnownFileType = sourcecode.swift; path = AppDelegate.swift; sourceTree = "<group>"; };
		A1627F7A255E233900E76BEC /* SceneDelegate.swift */ = {isa = PBXFileReference; lastKnownFileType = sourcecode.swift; path = SceneDelegate.swift; sourceTree = "<group>"; };
		A1627F7C255E233900E76BEC /* ContentView.swift */ = {isa = PBXFileReference; lastKnownFileType = sourcecode.swift; path = ContentView.swift; sourceTree = "<group>"; };
		A1627F7E255E233900E76BEC /* Assets.xcassets */ = {isa = PBXFileReference; lastKnownFileType = folder.assetcatalog; path = Assets.xcassets; sourceTree = "<group>"; };
		A1627F81255E233900E76BEC /* Preview Assets.xcassets */ = {isa = PBXFileReference; lastKnownFileType = folder.assetcatalog; path = "Preview Assets.xcassets"; sourceTree = "<group>"; };
		A1627F84255E233900E76BEC /* Base */ = {isa = PBXFileReference; lastKnownFileType = file.storyboard; name = Base; path = Base.lproj/LaunchScreen.storyboard; sourceTree = "<group>"; };
		A1627F86255E233900E76BEC /* Info.plist */ = {isa = PBXFileReference; lastKnownFileType = text.plist.xml; path = Info.plist; sourceTree = "<group>"; };
		A1627F9C255E26F100E76BEC /* .swiftlint.yml */ = {isa = PBXFileReference; lastKnownFileType = text.yaml; path = .swiftlint.yml; sourceTree = "<group>"; };
		E88B9731B4DD75410CE7C47A /* Pods-Nonton.release.xcconfig */ = {isa = PBXFileReference; includeInIndex = 1; lastKnownFileType = text.xcconfig; name = "Pods-Nonton.release.xcconfig"; path = "Target Support Files/Pods-Nonton/Pods-Nonton.release.xcconfig"; sourceTree = "<group>"; };
/* End PBXFileReference section */

/* Begin PBXFrameworksBuildPhase section */
		A1627F72255E233900E76BEC /* Frameworks */ = {
			isa = PBXFrameworksBuildPhase;
			buildActionMask = 2147483647;
			files = (
				F5C3160272B8742371B510C5 /* Pods_Nonton.framework in Frameworks */,
			);
			runOnlyForDeploymentPostprocessing = 0;
		};
/* End PBXFrameworksBuildPhase section */

/* Begin PBXGroup section */
		67BD0888D89A004729646D50 /* Frameworks */ = {
			isa = PBXGroup;
			children = (
				4583DBE98013D5533C4C4C74 /* Pods_Nonton.framework */,
			);
			name = Frameworks;
			sourceTree = "<group>";
		};
		7D0794C0528058F974643A3D /* Pods */ = {
			isa = PBXGroup;
			children = (
				3FF48C363AC3CD886484573E /* Pods-Nonton.debug.xcconfig */,
				E88B9731B4DD75410CE7C47A /* Pods-Nonton.release.xcconfig */,
			);
			path = Pods;
			sourceTree = "<group>";
		};
		A1627F6C255E233900E76BEC = {
			isa = PBXGroup;
			children = (
				A1627F9C255E26F100E76BEC /* .swiftlint.yml */,
				A1627F77255E233900E76BEC /* Nonton */,
				A1627F76255E233900E76BEC /* Products */,
				7D0794C0528058F974643A3D /* Pods */,
				67BD0888D89A004729646D50 /* Frameworks */,
			);
			sourceTree = "<group>";
		};
		A1627F76255E233900E76BEC /* Products */ = {
			isa = PBXGroup;
			children = (
				A1627F75255E233900E76BEC /* Nonton.app */,
			);
			name = Products;
			sourceTree = "<group>";
		};
		A1627F77255E233900E76BEC /* Nonton */ = {
			isa = PBXGroup;
			children = (
				A1627FA6255E2C0C00E76BEC /* Supporting Files */,
				A1627FA5255E2C0300E76BEC /* Module */,
				A1627FA4255E2BFE00E76BEC /* Core */,
				A1627FA3255E2BC000E76BEC /* App */,
				A1627F80255E233900E76BEC /* Preview Content */,
			);
			path = Nonton;
			sourceTree = "<group>";
		};
		A1627F80255E233900E76BEC /* Preview Content */ = {
			isa = PBXGroup;
			children = (
				A1627F81255E233900E76BEC /* Preview Assets.xcassets */,
			);
			path = "Preview Content";
			sourceTree = "<group>";
		};
		A1627FA3255E2BC000E76BEC /* App */ = {
			isa = PBXGroup;
			children = (
				A1627F7C255E233900E76BEC /* ContentView.swift */,
				A1627F78255E233900E76BEC /* AppDelegate.swift */,
				A1627F7A255E233900E76BEC /* SceneDelegate.swift */,
			);
			path = App;
			sourceTree = "<group>";
		};
		A1627FA4255E2BFE00E76BEC /* Core */ = {
			isa = PBXGroup;
			children = (
			);
			path = Core;
			sourceTree = "<group>";
		};
		A1627FA5255E2C0300E76BEC /* Module */ = {
			isa = PBXGroup;
			children = (
			);
			path = Module;
			sourceTree = "<group>";
		};
		A1627FA6255E2C0C00E76BEC /* Supporting Files */ = {
			isa = PBXGroup;
			children = (
				A1627F7E255E233900E76BEC /* Assets.xcassets */,
				A1627F83255E233900E76BEC /* LaunchScreen.storyboard */,
				A1627F86255E233900E76BEC /* Info.plist */,
			);
			path = "Supporting Files";
			sourceTree = "<group>";
		};
/* End PBXGroup section */

/* Begin PBXNativeTarget section */
		A1627F74255E233900E76BEC /* Nonton */ = {
			isa = PBXNativeTarget;
			buildConfigurationList = A1627F89255E233900E76BEC /* Build configuration list for PBXNativeTarget "Nonton" */;
			buildPhases = (
				9E5E7567C2F83F640CBFA351 /* [CP] Check Pods Manifest.lock */,
				A1627F71255E233900E76BEC /* Sources */,
				A1627F72255E233900E76BEC /* Frameworks */,
				A1627F73255E233900E76BEC /* Resources */,
				1F4B61D5D5D4C2FD3509DB19 /* [CP] Embed Pods Frameworks */,
				A1627F93255E24BD00E76BEC /* ShellScript */,
			);
			buildRules = (
			);
			dependencies = (
			);
			name = Nonton;
			productName = Nonton;
			productReference = A1627F75255E233900E76BEC /* Nonton.app */;
			productType = "com.apple.product-type.application";
		};
/* End PBXNativeTarget section */

/* Begin PBXProject section */
		A1627F6D255E233900E76BEC /* Project object */ = {
			isa = PBXProject;
			attributes = {
				LastSwiftUpdateCheck = 1210;
				LastUpgradeCheck = 1210;
				TargetAttributes = {
					A1627F74255E233900E76BEC = {
						CreatedOnToolsVersion = 12.1;
					};
				};
			};
			buildConfigurationList = A1627F70255E233900E76BEC /* Build configuration list for PBXProject "Nonton" */;
			compatibilityVersion = "Xcode 9.3";
			developmentRegion = en;
			hasScannedForEncodings = 0;
			knownRegions = (
				en,
				Base,
			);
			mainGroup = A1627F6C255E233900E76BEC;
			productRefGroup = A1627F76255E233900E76BEC /* Products */;
			projectDirPath = "";
			projectRoot = "";
			targets = (
				A1627F74255E233900E76BEC /* Nonton */,
			);
		};
/* End PBXProject section */

/* Begin PBXResourcesBuildPhase section */
		A1627F73255E233900E76BEC /* Resources */ = {
			isa = PBXResourcesBuildPhase;
			buildActionMask = 2147483647;
			files = (
				A1627F9D255E26F100E76BEC /* .swiftlint.yml in Resources */,
				A1627F85255E233900E76BEC /* LaunchScreen.storyboard in Resources */,
				A1627F82255E233900E76BEC /* Preview Assets.xcassets in Resources */,
				A1627F7F255E233900E76BEC /* Assets.xcassets in Resources */,
			);
			runOnlyForDeploymentPostprocessing = 0;
		};
/* End PBXResourcesBuildPhase section */

/* Begin PBXShellScriptBuildPhase section */
		1F4B61D5D5D4C2FD3509DB19 /* [CP] Embed Pods Frameworks */ = {
			isa = PBXShellScriptBuildPhase;
			buildActionMask = 2147483647;
			files = (
			);
			inputFileListPaths = (
				"${PODS_ROOT}/Target Support Files/Pods-Nonton/Pods-Nonton-frameworks-${CONFIGURATION}-input-files.xcfilelist",
			);
			name = "[CP] Embed Pods Frameworks";
			outputFileListPaths = (
				"${PODS_ROOT}/Target Support Files/Pods-Nonton/Pods-Nonton-frameworks-${CONFIGURATION}-output-files.xcfilelist",
			);
			runOnlyForDeploymentPostprocessing = 0;
			shellPath = /bin/sh;
			shellScript = "\"${PODS_ROOT}/Target Support Files/Pods-Nonton/Pods-Nonton-frameworks.sh\"\n";
			showEnvVarsInLog = 0;
		};
		9E5E7567C2F83F640CBFA351 /* [CP] Check Pods Manifest.lock */ = {
			isa = PBXShellScriptBuildPhase;
			buildActionMask = 2147483647;
			files = (
			);
			inputFileListPaths = (
			);
			inputPaths = (
				"${PODS_PODFILE_DIR_PATH}/Podfile.lock",
				"${PODS_ROOT}/Manifest.lock",
			);
			name = "[CP] Check Pods Manifest.lock";
			outputFileListPaths = (
			);
			outputPaths = (
				"$(DERIVED_FILE_DIR)/Pods-Nonton-checkManifestLockResult.txt",
			);
			runOnlyForDeploymentPostprocessing = 0;
			shellPath = /bin/sh;
			shellScript = "diff \"${PODS_PODFILE_DIR_PATH}/Podfile.lock\" \"${PODS_ROOT}/Manifest.lock\" > /dev/null\nif [ $? != 0 ] ; then\n    # print error to STDERR\n    echo \"error: The sandbox is not in sync with the Podfile.lock. Run 'pod install' or update your CocoaPods installation.\" >&2\n    exit 1\nfi\n# This output is used by Xcode 'outputs' to avoid re-running this script phase.\necho \"SUCCESS\" > \"${SCRIPT_OUTPUT_FILE_0}\"\n";
			showEnvVarsInLog = 0;
		};
		A1627F93255E24BD00E76BEC /* ShellScript */ = {
			isa = PBXShellScriptBuildPhase;
			buildActionMask = 2147483647;
			files = (
			);
			inputFileListPaths = (
			);
			inputPaths = (
			);
			outputFileListPaths = (
			);
			outputPaths = (
			);
			runOnlyForDeploymentPostprocessing = 0;
			shellPath = /bin/sh;
			shellScript = "if which swiftlint >/dev/null; then \n    swiftlint \nelse \n    echo \"warning: SwiftLint not installed, download from https://github.com/realm/SwiftLint\" \nfi\n";
		};
/* End PBXShellScriptBuildPhase section */

/* Begin PBXSourcesBuildPhase section */
		A1627F71255E233900E76BEC /* Sources */ = {
			isa = PBXSourcesBuildPhase;
			buildActionMask = 2147483647;
			files = (
				A1627F79255E233900E76BEC /* AppDelegate.swift in Sources */,
				A1627F7B255E233900E76BEC /* SceneDelegate.swift in Sources */,
				A1627F7D255E233900E76BEC /* ContentView.swift in Sources */,
			);
			runOnlyForDeploymentPostprocessing = 0;
		};
/* End PBXSourcesBuildPhase section */

/* Begin PBXVariantGroup section */
		A1627F83255E233900E76BEC /* LaunchScreen.storyboard */ = {
			isa = PBXVariantGroup;
			children = (
				A1627F84255E233900E76BEC /* Base */,
			);
			name = LaunchScreen.storyboard;
			sourceTree = "<group>";
		};
/* End PBXVariantGroup section */

/* Begin XCBuildConfiguration section */
		A1627F87255E233900E76BEC /* Debug */ = {
			isa = XCBuildConfiguration;
			buildSettings = {
				ALWAYS_SEARCH_USER_PATHS = NO;
				CLANG_ANALYZER_NONNULL = YES;
				CLANG_ANALYZER_NUMBER_OBJECT_CONVERSION = YES_AGGRESSIVE;
				CLANG_CXX_LANGUAGE_STANDARD = "gnu++14";
				CLANG_CXX_LIBRARY = "libc++";
				CLANG_ENABLE_MODULES = YES;
				CLANG_ENABLE_OBJC_ARC = YES;
				CLANG_ENABLE_OBJC_WEAK = YES;
				CLANG_WARN_BLOCK_CAPTURE_AUTORELEASING = YES;
				CLANG_WARN_BOOL_CONVERSION = YES;
				CLANG_WARN_COMMA = YES;
				CLANG_WARN_CONSTANT_CONVERSION = YES;
				CLANG_WARN_DEPRECATED_OBJC_IMPLEMENTATIONS = YES;
				CLANG_WARN_DIRECT_OBJC_ISA_USAGE = YES_ERROR;
				CLANG_WARN_DOCUMENTATION_COMMENTS = YES;
				CLANG_WARN_EMPTY_BODY = YES;
				CLANG_WARN_ENUM_CONVERSION = YES;
				CLANG_WARN_INFINITE_RECURSION = YES;
				CLANG_WARN_INT_CONVERSION = YES;
				CLANG_WARN_NON_LITERAL_NULL_CONVERSION = YES;
				CLANG_WARN_OBJC_IMPLICIT_RETAIN_SELF = YES;
				CLANG_WARN_OBJC_LITERAL_CONVERSION = YES;
				CLANG_WARN_OBJC_ROOT_CLASS = YES_ERROR;
				CLANG_WARN_QUOTED_INCLUDE_IN_FRAMEWORK_HEADER = YES;
				CLANG_WARN_RANGE_LOOP_ANALYSIS = YES;
				CLANG_WARN_STRICT_PROTOTYPES = YES;
				CLANG_WARN_SUSPICIOUS_MOVE = YES;
				CLANG_WARN_UNGUARDED_AVAILABILITY = YES_AGGRESSIVE;
				CLANG_WARN_UNREACHABLE_CODE = YES;
				CLANG_WARN__DUPLICATE_METHOD_MATCH = YES;
				COPY_PHASE_STRIP = NO;
				DEBUG_INFORMATION_FORMAT = dwarf;
				ENABLE_STRICT_OBJC_MSGSEND = YES;
				ENABLE_TESTABILITY = YES;
				GCC_C_LANGUAGE_STANDARD = gnu11;
				GCC_DYNAMIC_NO_PIC = NO;
				GCC_NO_COMMON_BLOCKS = YES;
				GCC_OPTIMIZATION_LEVEL = 0;
				GCC_PREPROCESSOR_DEFINITIONS = (
					"DEBUG=1",
					"$(inherited)",
				);
				GCC_WARN_64_TO_32_BIT_CONVERSION = YES;
				GCC_WARN_ABOUT_RETURN_TYPE = YES_ERROR;
				GCC_WARN_UNDECLARED_SELECTOR = YES;
				GCC_WARN_UNINITIALIZED_AUTOS = YES_AGGRESSIVE;
				GCC_WARN_UNUSED_FUNCTION = YES;
				GCC_WARN_UNUSED_VARIABLE = YES;
				IPHONEOS_DEPLOYMENT_TARGET = 14.1;
				MTL_ENABLE_DEBUG_INFO = INCLUDE_SOURCE;
				MTL_FAST_MATH = YES;
				ONLY_ACTIVE_ARCH = YES;
				SDKROOT = iphoneos;
				SWIFT_ACTIVE_COMPILATION_CONDITIONS = DEBUG;
				SWIFT_OPTIMIZATION_LEVEL = "-Onone";
			};
			name = Debug;
		};
		A1627F88255E233900E76BEC /* Release */ = {
			isa = XCBuildConfiguration;
			buildSettings = {
				ALWAYS_SEARCH_USER_PATHS = NO;
				CLANG_ANALYZER_NONNULL = YES;
				CLANG_ANALYZER_NUMBER_OBJECT_CONVERSION = YES_AGGRESSIVE;
				CLANG_CXX_LANGUAGE_STANDARD = "gnu++14";
				CLANG_CXX_LIBRARY = "libc++";
				CLANG_ENABLE_MODULES = YES;
				CLANG_ENABLE_OBJC_ARC = YES;
				CLANG_ENABLE_OBJC_WEAK = YES;
				CLANG_WARN_BLOCK_CAPTURE_AUTORELEASING = YES;
				CLANG_WARN_BOOL_CONVERSION = YES;
				CLANG_WARN_COMMA = YES;
				CLANG_WARN_CONSTANT_CONVERSION = YES;
				CLANG_WARN_DEPRECATED_OBJC_IMPLEMENTATIONS = YES;
				CLANG_WARN_DIRECT_OBJC_ISA_USAGE = YES_ERROR;
				CLANG_WARN_DOCUMENTATION_COMMENTS = YES;
				CLANG_WARN_EMPTY_BODY = YES;
				CLANG_WARN_ENUM_CONVERSION = YES;
				CLANG_WARN_INFINITE_RECURSION = YES;
				CLANG_WARN_INT_CONVERSION = YES;
				CLANG_WARN_NON_LITERAL_NULL_CONVERSION = YES;
				CLANG_WARN_OBJC_IMPLICIT_RETAIN_SELF = YES;
				CLANG_WARN_OBJC_LITERAL_CONVERSION = YES;
				CLANG_WARN_OBJC_ROOT_CLASS = YES_ERROR;
				CLANG_WARN_QUOTED_INCLUDE_IN_FRAMEWORK_HEADER = YES;
				CLANG_WARN_RANGE_LOOP_ANALYSIS = YES;
				CLANG_WARN_STRICT_PROTOTYPES = YES;
				CLANG_WARN_SUSPICIOUS_MOVE = YES;
				CLANG_WARN_UNGUARDED_AVAILABILITY = YES_AGGRESSIVE;
				CLANG_WARN_UNREACHABLE_CODE = YES;
				CLANG_WARN__DUPLICATE_METHOD_MATCH = YES;
				COPY_PHASE_STRIP = NO;
				DEBUG_INFORMATION_FORMAT = "dwarf-with-dsym";
				ENABLE_NS_ASSERTIONS = NO;
				ENABLE_STRICT_OBJC_MSGSEND = YES;
				GCC_C_LANGUAGE_STANDARD = gnu11;
				GCC_NO_COMMON_BLOCKS = YES;
				GCC_WARN_64_TO_32_BIT_CONVERSION = YES;
				GCC_WARN_ABOUT_RETURN_TYPE = YES_ERROR;
				GCC_WARN_UNDECLARED_SELECTOR = YES;
				GCC_WARN_UNINITIALIZED_AUTOS = YES_AGGRESSIVE;
				GCC_WARN_UNUSED_FUNCTION = YES;
				GCC_WARN_UNUSED_VARIABLE = YES;
				IPHONEOS_DEPLOYMENT_TARGET = 14.1;
				MTL_ENABLE_DEBUG_INFO = NO;
				MTL_FAST_MATH = YES;
				SDKROOT = iphoneos;
				SWIFT_COMPILATION_MODE = wholemodule;
				SWIFT_OPTIMIZATION_LEVEL = "-O";
				VALIDATE_PRODUCT = YES;
			};
			name = Release;
		};
		A1627F8A255E233900E76BEC /* Debug */ = {
			isa = XCBuildConfiguration;
			baseConfigurationReference = 3FF48C363AC3CD886484573E /* Pods-Nonton.debug.xcconfig */;
			buildSettings = {
				ASSETCATALOG_COMPILER_APPICON_NAME = AppIcon;
				ASSETCATALOG_COMPILER_GLOBAL_ACCENT_COLOR_NAME = AccentColor;
				CODE_SIGN_STYLE = Automatic;
				DEVELOPMENT_ASSET_PATHS = "\"Nonton/Preview Content\"";
				DEVELOPMENT_TEAM = 5RREGEMU45;
				ENABLE_PREVIEWS = YES;
				INFOPLIST_FILE = "Nonton/Supporting Files/Info.plist";
				LD_RUNPATH_SEARCH_PATHS = (
					"$(inherited)",
					"@executable_path/Frameworks",
				);
				PRODUCT_BUNDLE_IDENTIFIER = aryasurya.Nonton;
				PRODUCT_NAME = "$(TARGET_NAME)";
				SWIFT_VERSION = 5.0;
				TARGETED_DEVICE_FAMILY = "1,2";
			};
			name = Debug;
		};
		A1627F8B255E233900E76BEC /* Release */ = {
			isa = XCBuildConfiguration;
			baseConfigurationReference = E88B9731B4DD75410CE7C47A /* Pods-Nonton.release.xcconfig */;
			buildSettings = {
				ASSETCATALOG_COMPILER_APPICON_NAME = AppIcon;
				ASSETCATALOG_COMPILER_GLOBAL_ACCENT_COLOR_NAME = AccentColor;
				CODE_SIGN_STYLE = Automatic;
				DEVELOPMENT_ASSET_PATHS = "\"Nonton/Preview Content\"";
				DEVELOPMENT_TEAM = 5RREGEMU45;
				ENABLE_PREVIEWS = YES;
				INFOPLIST_FILE = "Nonton/Supporting Files/Info.plist";
				LD_RUNPATH_SEARCH_PATHS = (
					"$(inherited)",
					"@executable_path/Frameworks",
				);
				PRODUCT_BUNDLE_IDENTIFIER = aryasurya.Nonton;
				PRODUCT_NAME = "$(TARGET_NAME)";
				SWIFT_VERSION = 5.0;
				TARGETED_DEVICE_FAMILY = "1,2";
			};
			name = Release;
		};
/* End XCBuildConfiguration section */

/* Begin XCConfigurationList section */
		A1627F70255E233900E76BEC /* Build configuration list for PBXProject "Nonton" */ = {
			isa = XCConfigurationList;
			buildConfigurations = (
				A1627F87255E233900E76BEC /* Debug */,
				A1627F88255E233900E76BEC /* Release */,
			);
			defaultConfigurationIsVisible = 0;
			defaultConfigurationName = Release;
		};
		A1627F89255E233900E76BEC /* Build configuration list for PBXNativeTarget "Nonton" */ = {
			isa = XCConfigurationList;
			buildConfigurations = (
				A1627F8A255E233900E76BEC /* Debug */,
				A1627F8B255E233900E76BEC /* Release */,
			);
			defaultConfigurationIsVisible = 0;
			defaultConfigurationName = Release;
		};
/* End XCConfigurationList section */
	};
	rootObject = A1627F6D255E233900E76BEC /* Project object */;
}
